
Microsoft Visual Studio Solution File, Format Version 12.00
# Visual Studio 15
VisualStudioVersion = 15.0.27428.2002
MinimumVisualStudioVersion = 10.0.40219.1
Project("{FAE04EC0-301F-11D3-BF4B-00C04F79EFBC}") = "TimHuynh_GreetingsAroundTheGlobe", "TimHuynh_GreetingsAroundTheGlobe\TimHuynh_GreetingsAroundTheGlobe.csproj", "{DFA389C7-1CB4-4868-A6DC-F3FAF9685BC1}"
EndProject
Global
	GlobalSection(SolutionConfigurationPlatforms) = preSolution
		Debug|Any CPU = Debug|Any CPU
		Release|Any CPU = Release|Any CPU
	EndGlobalSection
	GlobalSection(ProjectConfigurationPlatforms) = postSolution
		{DFA389C7-1CB4-4868-A6DC-F3FAF9685BC1}.Debug|Any CPU.ActiveCfg = Debug|Any CPU
		{DFA389C7-1CB4-4868-A6DC-F3FAF9685BC1}.Debug|Any CPU.Build.0 = Debug|Any CPU
		{DFA389C7-1CB4-4868-A6DC-F3FAF9685BC1}.Release|Any CPU.ActiveCfg = Release|Any CPU
		{DFA389C7-1CB4-4868-A6DC-F3FAF9685BC1}.Release|Any CPU.Build.0 = Release|Any CPU
	EndGlobalSection
	GlobalSection(SolutionProperties) = preSolution
		HideSolutionNode = FALSE
	EndGlobalSection
	GlobalSection(ExtensibilityGlobals) = postSolution
		SolutionGuid = {CCEAE3D4-68CC-40CE-8F5A-FBEA73640C6E}
	EndGlobalSection
EndGlobal
